
Microsoft Visual Studio Solution File, Format Version 12.00
# Visual Studio Version 17
VisualStudioVersion = 17.0.32112.339
MinimumVisualStudioVersion = 10.0.40219.1
Project("{9A19103F-16F7-4668-BE54-9A1E7A4F7556}") = "ExerciseEngine", "ExerciseEngine.csproj", "{FAC7A9AD-94EC-4DF6-AEB7-9527C66493DB}"
EndProject
Project("{9A19103F-16F7-4668-BE54-9A1E7A4F7556}") = "Dev-time-testing", "..\Dev-time-testing\Dev-time-testing.csproj", "{AD6FA0D0-8E66-4C58-B4C5-658F4AF91C5A}"
EndProject
Project("{9A19103F-16F7-4668-BE54-9A1E7A4F7556}") = "Blazor-Maui-View", "..\Blazor-Maui-View\Blazor-Maui-View.csproj", "{4BEA5187-1BC0-4EF6-AE18-3ADA526FFFE9}"
EndProject
Project("{9A19103F-16F7-4668-BE54-9A1E7A4F7556}") = "BlazorOnly-View", "..\BlazorOnly-View\BlazorOnly-View.csproj", "{8A7DFDA0-EF48-48DE-BFE5-3AD068E80CB2}"
EndProject
Global
	GlobalSection(SolutionConfigurationPlatforms) = preSolution
		Debug|Any CPU = Debug|Any CPU
		Release|Any CPU = Release|Any CPU
	EndGlobalSection
	GlobalSection(ProjectConfigurationPlatforms) = postSolution
		{FAC7A9AD-94EC-4DF6-AEB7-9527C66493DB}.Debug|Any CPU.ActiveCfg = Debug|Any CPU
		{FAC7A9AD-94EC-4DF6-AEB7-9527C66493DB}.Debug|Any CPU.Build.0 = Debug|Any CPU
		{FAC7A9AD-94EC-4DF6-AEB7-9527C66493DB}.Release|Any CPU.ActiveCfg = Release|Any CPU
		{FAC7A9AD-94EC-4DF6-AEB7-9527C66493DB}.Release|Any CPU.Build.0 = Release|Any CPU
		{AD6FA0D0-8E66-4C58-B4C5-658F4AF91C5A}.Debug|Any CPU.ActiveCfg = Debug|Any CPU
		{AD6FA0D0-8E66-4C58-B4C5-658F4AF91C5A}.Debug|Any CPU.Build.0 = Debug|Any CPU
		{AD6FA0D0-8E66-4C58-B4C5-658F4AF91C5A}.Release|Any CPU.ActiveCfg = Release|Any CPU
		{AD6FA0D0-8E66-4C58-B4C5-658F4AF91C5A}.Release|Any CPU.Build.0 = Release|Any CPU
		{4BEA5187-1BC0-4EF6-AE18-3ADA526FFFE9}.Debug|Any CPU.ActiveCfg = Debug|Any CPU
		{4BEA5187-1BC0-4EF6-AE18-3ADA526FFFE9}.Debug|Any CPU.Build.0 = Debug|Any CPU
		{4BEA5187-1BC0-4EF6-AE18-3ADA526FFFE9}.Debug|Any CPU.Deploy.0 = Debug|Any CPU
		{4BEA5187-1BC0-4EF6-AE18-3ADA526FFFE9}.Release|Any CPU.ActiveCfg = Release|Any CPU
		{4BEA5187-1BC0-4EF6-AE18-3ADA526FFFE9}.Release|Any CPU.Build.0 = Release|Any CPU
		{4BEA5187-1BC0-4EF6-AE18-3ADA526FFFE9}.Release|Any CPU.Deploy.0 = Release|Any CPU
		{8A7DFDA0-EF48-48DE-BFE5-3AD068E80CB2}.Debug|Any CPU.ActiveCfg = Debug|Any CPU
		{8A7DFDA0-EF48-48DE-BFE5-3AD068E80CB2}.Debug|Any CPU.Build.0 = Debug|Any CPU
		{8A7DFDA0-EF48-48DE-BFE5-3AD068E80CB2}.Release|Any CPU.ActiveCfg = Release|Any CPU
		{8A7DFDA0-EF48-48DE-BFE5-3AD068E80CB2}.Release|Any CPU.Build.0 = Release|Any CPU
	EndGlobalSection
	GlobalSection(SolutionProperties) = preSolution
		HideSolutionNode = FALSE
	EndGlobalSection
	GlobalSection(ExtensibilityGlobals) = postSolution
		SolutionGuid = {78AC912E-F047-42AF-B6CD-ABCC6EBEA25C}
	EndGlobalSection
EndGlobal
