
Microsoft Visual Studio Solution File, Format Version 12.00
# Visual Studio Version 17
VisualStudioVersion = 17.2.32616.157
MinimumVisualStudioVersion = 10.0.40219.1
Project("{9A19103F-16F7-4668-BE54-9A1E7A4F7556}") = "ExerciseEngine", "Exercise-Engine\ExerciseEngine.csproj", "{71736524-054B-4365-A530-7E8CB4FC21EF}"
EndProject
Project("{9A19103F-16F7-4668-BE54-9A1E7A4F7556}") = "BlazorView", "Blazor-View\BlazorView.csproj", "{CE6D301A-9443-4A60-9351-0A2F6411D41C}"
EndProject
Project("{9A19103F-16F7-4668-BE54-9A1E7A4F7556}") = "_A-Manual-Definition-Builder", "A-Manual-Definition-Builder\_A-Manual-Definition-Builder.csproj", "{1410AD4D-9134-4B61-A334-6CA8425EBC96}"
EndProject
Project("{9A19103F-16F7-4668-BE54-9A1E7A4F7556}") = "WebAPI_jsonMockUp", "WebAPI_jsonMockUp\WebAPI_jsonMockUp.csproj", "{5D59DDD4-C890-4CF4-BEB7-A03A9E1E0BAB}"
EndProject
Project("{9A19103F-16F7-4668-BE54-9A1E7A4F7556}") = "WebAPI", "WebAPI\WebAPI.csproj", "{4FE4FCCA-6BA5-444C-8D0E-0FB3B7E42955}"
EndProject
Project("{9A19103F-16F7-4668-BE54-9A1E7A4F7556}") = "_B-Target-Interpreter-Code", "B-Manual-Interpreter-Tester\_B-Target-Interpreter-Code.csproj", "{37142545-B418-4CB7-B40D-48F74639C30A}"
EndProject
Global
	GlobalSection(SolutionConfigurationPlatforms) = preSolution
		Debug|Any CPU = Debug|Any CPU
		Release|Any CPU = Release|Any CPU
	EndGlobalSection
	GlobalSection(ProjectConfigurationPlatforms) = postSolution
		{71736524-054B-4365-A530-7E8CB4FC21EF}.Debug|Any CPU.ActiveCfg = Debug|Any CPU
		{71736524-054B-4365-A530-7E8CB4FC21EF}.Debug|Any CPU.Build.0 = Debug|Any CPU
		{71736524-054B-4365-A530-7E8CB4FC21EF}.Release|Any CPU.ActiveCfg = Release|Any CPU
		{71736524-054B-4365-A530-7E8CB4FC21EF}.Release|Any CPU.Build.0 = Release|Any CPU
		{CE6D301A-9443-4A60-9351-0A2F6411D41C}.Debug|Any CPU.ActiveCfg = Debug|Any CPU
		{CE6D301A-9443-4A60-9351-0A2F6411D41C}.Debug|Any CPU.Build.0 = Debug|Any CPU
		{CE6D301A-9443-4A60-9351-0A2F6411D41C}.Release|Any CPU.ActiveCfg = Release|Any CPU
		{CE6D301A-9443-4A60-9351-0A2F6411D41C}.Release|Any CPU.Build.0 = Release|Any CPU
		{1410AD4D-9134-4B61-A334-6CA8425EBC96}.Debug|Any CPU.ActiveCfg = Debug|Any CPU
		{1410AD4D-9134-4B61-A334-6CA8425EBC96}.Debug|Any CPU.Build.0 = Debug|Any CPU
		{1410AD4D-9134-4B61-A334-6CA8425EBC96}.Release|Any CPU.ActiveCfg = Release|Any CPU
		{1410AD4D-9134-4B61-A334-6CA8425EBC96}.Release|Any CPU.Build.0 = Release|Any CPU
		{5D59DDD4-C890-4CF4-BEB7-A03A9E1E0BAB}.Debug|Any CPU.ActiveCfg = Debug|Any CPU
		{5D59DDD4-C890-4CF4-BEB7-A03A9E1E0BAB}.Debug|Any CPU.Build.0 = Debug|Any CPU
		{5D59DDD4-C890-4CF4-BEB7-A03A9E1E0BAB}.Release|Any CPU.ActiveCfg = Release|Any CPU
		{5D59DDD4-C890-4CF4-BEB7-A03A9E1E0BAB}.Release|Any CPU.Build.0 = Release|Any CPU
		{4FE4FCCA-6BA5-444C-8D0E-0FB3B7E42955}.Debug|Any CPU.ActiveCfg = Debug|Any CPU
		{4FE4FCCA-6BA5-444C-8D0E-0FB3B7E42955}.Debug|Any CPU.Build.0 = Debug|Any CPU
		{4FE4FCCA-6BA5-444C-8D0E-0FB3B7E42955}.Release|Any CPU.ActiveCfg = Release|Any CPU
		{4FE4FCCA-6BA5-444C-8D0E-0FB3B7E42955}.Release|Any CPU.Build.0 = Release|Any CPU
		{37142545-B418-4CB7-B40D-48F74639C30A}.Debug|Any CPU.ActiveCfg = Debug|Any CPU
		{37142545-B418-4CB7-B40D-48F74639C30A}.Debug|Any CPU.Build.0 = Debug|Any CPU
		{37142545-B418-4CB7-B40D-48F74639C30A}.Release|Any CPU.ActiveCfg = Release|Any CPU
		{37142545-B418-4CB7-B40D-48F74639C30A}.Release|Any CPU.Build.0 = Release|Any CPU
	EndGlobalSection
	GlobalSection(SolutionProperties) = preSolution
		HideSolutionNode = FALSE
	EndGlobalSection
	GlobalSection(ExtensibilityGlobals) = postSolution
		SolutionGuid = {220EFB59-114E-4EA9-9685-F813BF09E705}
	EndGlobalSection
EndGlobal
